<?xml version="1.0" encoding="utf-8"?>
<Project ToolsVersion="4.0" xmlns="http://schemas.microsoft.com/developer/msbuild/2003">
  <ItemGroup>
    <Filter Include="Source">
      <UniqueIdentifier>{4FC737F1-C7A5-4376-A066-2A32D752A2FF}</UniqueIdentifier>
      <Extensions>cpp;c;cc;cxx;c++;cppm;ixx;def;odl;idl;hpj;bat;asm;asmx</Extensions>
    </Filter>
    <Filter Include="shaders">
      <UniqueIdentifier>{4b74896c-def7-49f0-a49c-7e6c7644864c}</UniqueIdentifier>
    </Filter>
    <Filter Include="scenes">
      <UniqueIdentifier>{ce1fc012-64c4-43e9-9055-c19853a3c937}</UniqueIdentifier>
    </Filter>
    <Filter Include="materials">
      <UniqueIdentifier>{0d0d7460-353f-44a7-944a-14e011ac01fc}</UniqueIdentifier>
    </Filter>
  </ItemGroup>
  <ItemGroup>
    <ClCompile Include="Main.cpp">
      <Filter>Source</Filter>
    </ClCompile>
    <ClCompile Include="World01.cpp">
      <Filter>Source</Filter>
    </ClCompile>
    <ClCompile Include="World02.cpp">
      <Filter>Source</Filter>
    </ClCompile>
    <ClCompile Include="World03.cpp">
      <Filter>Source</Filter>
    </ClCompile>
    <ClCompile Include="World04.cpp">
      <Filter>Source</Filter>
    </ClCompile>
    <ClCompile Include="World05.cpp">
      <Filter>Source</Filter>
    </ClCompile>
    <ClCompile Include="World055.cpp">
      <Filter>Source</Filter>
    </ClCompile>
    <ClCompile Include="World0575.cpp">
      <Filter>Source</Filter>
    </ClCompile>
    <ClCompile Include="World06.cpp">
      <Filter>Source</Filter>
    </ClCompile>
    <ClCompile Include="World07.cpp">
      <Filter>Source</Filter>
    </ClCompile>
  </ItemGroup>
  <ItemGroup>
    <ClInclude Include="World01.h">
      <Filter>Source</Filter>
    </ClInclude>
    <ClInclude Include="World02.h">
      <Filter>Source</Filter>
    </ClInclude>
    <ClInclude Include="World03.h">
      <Filter>Source</Filter>
    </ClInclude>
    <ClInclude Include="World04.h">
      <Filter>Source</Filter>
    </ClInclude>
    <ClInclude Include="World05.h">
      <Filter>Source</Filter>
    </ClInclude>
    <ClInclude Include="World055.h">
      <Filter>Source</Filter>
    </ClInclude>
    <ClInclude Include="World0575.h">
      <Filter>Source</Filter>
    </ClInclude>
    <ClInclude Include="World06.h">
      <Filter>Source</Filter>
    </ClInclude>
    <ClInclude Include="World07.h">
      <Filter>Source</Filter>
    </ClInclude>
  </ItemGroup>
  <ItemGroup>
    <None Include="..\..\Build\Assets\shaders\unlit_color.frag">
      <Filter>shaders</Filter>
    </None>
    <None Include="..\..\Build\Assets\shaders\unlit_color.prog">
      <Filter>shaders</Filter>
    </None>
    <None Include="..\..\Build\Assets\shaders\unlit_color.vert">
      <Filter>shaders</Filter>
    </None>
    <None Include="..\..\Build\Assets\shaders\unlit_multi_texture.frag">
      <Filter>shaders</Filter>
    </None>
    <None Include="..\..\Build\Assets\shaders\unlit_multi_texture.prog">
      <Filter>shaders</Filter>
    </None>
    <None Include="..\..\Build\Assets\shaders\unlit_texture.frag">
      <Filter>shaders</Filter>
    </None>
    <None Include="..\..\Build\Assets\shaders\unlit_texture.prog">
      <Filter>shaders</Filter>
    </None>
    <None Include="..\..\Build\Assets\shaders\unlit_texture.vert">
      <Filter>shaders</Filter>
    </None>
    <None Include="..\..\Build\Assets\shaders\lit_texture_Phong.frag">
      <Filter>shaders</Filter>
    </None>
    <None Include="..\..\Build\Assets\shaders\lit_texture_Phong.prog">
      <Filter>shaders</Filter>
    </None>
    <None Include="..\..\Build\Assets\shaders\lit_texture_Phong.vert">
      <Filter>shaders</Filter>
    </None>
    <None Include="..\..\Build\Assets\shaders\lit_texture_Gouraund.prog">
      <Filter>shaders</Filter>
    </None>
    <None Include="..\..\Build\Assets\shaders\lit_texture_Gouraund.vert">
      <Filter>shaders</Filter>
    </None>
    <None Include="..\..\Build\Assets\shaders\lit_texture_Gouraund.frag">
      <Filter>shaders</Filter>
    </None>
    <None Include="..\..\Build\Assets\shaders\multi_lit_texture_Phong.prog">
      <Filter>shaders</Filter>
    </None>
    <None Include="..\..\Build\Assets\shaders\multi_lit_texture_Phong.frag">
      <Filter>shaders</Filter>
    </None>
    <None Include="..\..\Build\Assets\scenes\scene.json">
      <Filter>scenes</Filter>
    </None>
    <None Include="..\..\Build\Assets\shaders\multi_lit_Phong.prog">
      <Filter>shaders</Filter>
    </None>
    <None Include="..\..\Build\Assets\shaders\multi_lit_Phong.frag">
      <Filter>shaders</Filter>
    </None>
    <None Include="..\..\Build\Assets\shaders\lit_Phong.vert">
      <Filter>shaders</Filter>
    </None>
    <None Include="..\..\Build\Assets\shaders\lit_phong_normal.frag">
      <Filter>shaders</Filter>
    </None>
    <None Include="..\..\Build\Assets\shaders\lit_phong_normal.prog">
      <Filter>shaders</Filter>
    </None>
    <None Include="..\..\Build\Assets\shaders\lit_phong_normal.vert">
      <Filter>shaders</Filter>
    </None>
    <None Include="..\..\Build\Assets\materials\quad.mtrl">
      <Filter>materials</Filter>
    </None>
    <None Include="..\..\Build\Assets\materials\squirrel.mtrl">
      <Filter>materials</Filter>
    </None>
    <None Include="..\..\Build\Assets\materials\grid.mtrl">
      <Filter>materials</Filter>
    </None>
    <None Include="..\..\Build\Assets\materials\phong.mtrl">
      <Filter>materials</Filter>
    </None>
    <None Include="..\..\Build\Assets\materials\shrek.mtrl">
      <Filter>materials</Filter>
    </None>
    <None Include="..\..\Build\Assets\shaders\lit_phong_normal_Cube.frag">
      <Filter>shaders</Filter>
    </None>
    <None Include="..\..\Build\Assets\shaders\skybox.prog">
      <Filter>shaders</Filter>
    </None>
    <None Include="..\..\Build\Assets\shaders\lit_phong_normal_Cube.vert">
      <Filter>shaders</Filter>
    </None>
    <None Include="..\..\Build\Assets\materials\skybox.mtrl">
      <Filter>materials</Filter>
    </None>
    <None Include="..\..\Build\Assets\scenes\skyscene.json">
      <Filter>scenes</Filter>
    </None>
    <None Include="..\..\Build\Assets\shaders\skyboxReflection.vert">
      <Filter>shaders</Filter>
    </None>
    <None Include="..\..\Build\Assets\shaders\skyboxReflection.prog">
      <Filter>shaders</Filter>
    </None>
    <None Include="..\..\Build\Assets\shaders\skyboxRefraction.prog">
      <Filter>shaders</Filter>
    </None>
    <None Include="..\..\Build\Assets\shaders\skyboxRefraction.vert">
      <Filter>shaders</Filter>
    </None>
    <None Include="..\..\Build\Assets\materials\refraction.mtrl">
      <Filter>materials</Filter>
    </None>
    <None Include="..\..\Build\Assets\shaders\cubemap.frag">
      <Filter>shaders</Filter>
    </None>
    <None Include="..\..\Build\Assets\shaders\skybox.vert">
      <Filter>shaders</Filter>
    </None>
    <None Include="..\..\Build\Assets\materials\reflection.mtrl">
      <Filter>materials</Filter>
    </None>
    <None Include="..\..\Build\Assets\shaders\unlit_sprite.vert">
      <Filter>shaders</Filter>
    </None>
    <None Include="..\..\Build\Assets\shaders\unlit_sprite.prog">
      <Filter>shaders</Filter>
    </None>
    <None Include="..\..\Build\Assets\materials\sprite.mtrl">
      <Filter>materials</Filter>
    </None>
    <None Include="..\..\Build\Assets\scenes\spritescene.json">
      <Filter>scenes</Filter>
    </None>
    <None Include="..\..\Build\Assets\shaders\unlit_sprite.frag">
      <Filter>shaders</Filter>
    </None>
    <None Include="..\..\Build\Assets\shaders\unlit_billboard.frag">
      <Filter>shaders</Filter>
    </None>
    <None Include="..\..\Build\Assets\shaders\unlit_billboard.prog">
      <Filter>shaders</Filter>
    </None>
    <None Include="..\..\Build\Assets\shaders\unlit_billboard.vert">
      <Filter>shaders</Filter>
    </None>
    <None Include="..\..\Build\Assets\materials\billboard.mtrl">
      <Filter>materials</Filter>
    </None>
    <None Include="..\..\Build\Assets\materials\buff_shrek.mtrl">
      <Filter>materials</Filter>
    </None>
    <None Include="..\..\Build\Assets\scenes\buffscene.json">
      <Filter>scenes</Filter>
    </None>
    <None Include="..\..\Build\Assets\shaders\post_process.vert">
      <Filter>shaders</Filter>
    </None>
    <None Include="..\..\Build\Assets\shaders\post_process.prog">
      <Filter>shaders</Filter>
    </None>
    <None Include="..\..\Build\Assets\shaders\post_process.frag">
      <Filter>shaders</Filter>
    </None>
    <None Include="..\..\Build\Assets\materials\post_process.mtrl">
      <Filter>materials</Filter>
    </None>
    <None Include="..\..\Build\Assets\scenes\shadowscene.json">
      <Filter>scenes</Filter>
    </None>
    <None Include="..\..\Build\Assets\scenes\scene_framebuffer.json">
      <Filter>scenes</Filter>
    </None>
    <None Include="..\..\Build\Assets\shaders\shadow_depth.vert">
      <Filter>shaders</Filter>
    </None>
    <None Include="..\..\Build\Assets\shaders\shadow_depth.frag">
      <Filter>shaders</Filter>
    </None>
    <None Include="..\..\Build\Assets\shaders\shadow_depth.prog">
      <Filter>shaders</Filter>
    </None>
    <None Include="..\..\Build\Assets\materials\ui_light.mtrl">
      <Filter>materials</Filter>
    </None>
    <None Include="..\..\Build\Assets\Fantasy\fantasy.mtrl">
      <Filter>materials</Filter>
    </None>
    <None Include="..\..\Build\Assets\materials\basic.mtrl">
      <Filter>materials</Filter>
    </None>
    <None Include="..\..\Build\Assets\materials\ui_camera.mtrl">
      <Filter>materials</Filter>
    </None>
    <None Include="..\..\Build\Assets\scenes\scene_editor.json">
      <Filter>scenes</Filter>
    </None>
  </ItemGroup>
</Project>